
Microsoft Visual Studio Solution File, Format Version 12.00
# Visual Studio Version 17
VisualStudioVersion = 17.1.32319.34
MinimumVisualStudioVersion = 10.0.40219.1
Project("{8BC9CEB8-8B4A-11D0-8D11-00A0C91BC942}") = "ShortestPath", "ShortestPath\ShortestPath.vcxproj", "{EA823E08-50F7-489A-B578-8B75A44D5C53}"
EndProject
Project("{8BC9CEB8-8B4A-11D0-8D11-00A0C91BC942}") = "ShortestPath_1753_ShortestPath", "ShortestPath_1753_ShortestPath\ShortestPath_1753_ShortestPath.vcxproj", "{1BFBBAE4-C916-4E39-940E-C258FF68FB72}"
EndProject
Global
	GlobalSection(SolutionConfigurationPlatforms) = preSolution
		Debug|x64 = Debug|x64
		Debug|x86 = Debug|x86
		Release|x64 = Release|x64
		Release|x86 = Release|x86
	EndGlobalSection
	GlobalSection(ProjectConfigurationPlatforms) = postSolution
		{EA823E08-50F7-489A-B578-8B75A44D5C53}.Debug|x64.ActiveCfg = Debug|x64
		{EA823E08-50F7-489A-B578-8B75A44D5C53}.Debug|x64.Build.0 = Debug|x64
		{EA823E08-50F7-489A-B578-8B75A44D5C53}.Debug|x86.ActiveCfg = Debug|Win32
		{EA823E08-50F7-489A-B578-8B75A44D5C53}.Debug|x86.Build.0 = Debug|Win32
		{EA823E08-50F7-489A-B578-8B75A44D5C53}.Release|x64.ActiveCfg = Release|x64
		{EA823E08-50F7-489A-B578-8B75A44D5C53}.Release|x64.Build.0 = Release|x64
		{EA823E08-50F7-489A-B578-8B75A44D5C53}.Release|x86.ActiveCfg = Release|Win32
		{EA823E08-50F7-489A-B578-8B75A44D5C53}.Release|x86.Build.0 = Release|Win32
		{1BFBBAE4-C916-4E39-940E-C258FF68FB72}.Debug|x64.ActiveCfg = Debug|x64
		{1BFBBAE4-C916-4E39-940E-C258FF68FB72}.Debug|x64.Build.0 = Debug|x64
		{1BFBBAE4-C916-4E39-940E-C258FF68FB72}.Debug|x86.ActiveCfg = Debug|Win32
		{1BFBBAE4-C916-4E39-940E-C258FF68FB72}.Debug|x86.Build.0 = Debug|Win32
		{1BFBBAE4-C916-4E39-940E-C258FF68FB72}.Release|x64.ActiveCfg = Release|x64
		{1BFBBAE4-C916-4E39-940E-C258FF68FB72}.Release|x64.Build.0 = Release|x64
		{1BFBBAE4-C916-4E39-940E-C258FF68FB72}.Release|x86.ActiveCfg = Release|Win32
		{1BFBBAE4-C916-4E39-940E-C258FF68FB72}.Release|x86.Build.0 = Release|Win32
	EndGlobalSection
	GlobalSection(SolutionProperties) = preSolution
		HideSolutionNode = FALSE
	EndGlobalSection
	GlobalSection(ExtensibilityGlobals) = postSolution
		SolutionGuid = {85F79246-DCEB-47E7-88AF-435278C20FF9}
	EndGlobalSection
EndGlobal
