
Microsoft Visual Studio Solution File, Format Version 12.00
# Visual Studio Version 17
VisualStudioVersion = 17.0.32014.148
MinimumVisualStudioVersion = 10.0.40219.1
Project("{8BC9CEB8-8B4A-11D0-8D11-00A0C91BC942}") = "Turret", "BaekJoonOJ\BaekJoonOJ.vcxproj", "{3AD61EB2-4815-477E-8401-363941D29B48}"
EndProject
Project("{8BC9CEB8-8B4A-11D0-8D11-00A0C91BC942}") = "BruteForce", "BruteForce\BruteForce.vcxproj", "{E1A55130-17AA-4394-8DCC-BA853194FB89}"
EndProject
Project("{8BC9CEB8-8B4A-11D0-8D11-00A0C91BC942}") = "Recursion_2447_Star", "Recursion_2447_Star\Recursion_2447_Star.vcxproj", "{6930D943-220B-4ACC-8C31-A2190FD795BD}"
EndProject
Project("{8BC9CEB8-8B4A-11D0-8D11-00A0C91BC942}") = "Recursion_11729_Hanoi", "Recursion_11729_Hanoi\Recursion_11729_Hanoi.vcxproj", "{4DB57B64-3A00-4307-B51E-6A5A5AB2D28D}"
EndProject
Project("{8BC9CEB8-8B4A-11D0-8D11-00A0C91BC942}") = "BruteForce_7568_Bulk", "BruteForce_7568_Bulk\BruteForce_7568_Bulk.vcxproj", "{298A01A8-C242-4F5D-AA31-4371636C43DE}"
EndProject
Project("{8BC9CEB8-8B4A-11D0-8D11-00A0C91BC942}") = "BruteForce_1018_Chessboard", "BruteForce_1018_Chessboard\BruteForce_1018_Chessboard.vcxproj", "{884783E8-3FA7-49C6-895B-E3F4AC7F2926}"
EndProject
Project("{8BC9CEB8-8B4A-11D0-8D11-00A0C91BC942}") = "BruteForce_1436_FilmDirector", "BruteForce_1436_FilmDirector\BruteForce_1436_FilmDirector.vcxproj", "{706813F4-9479-42C6-B307-7D8355B35BD7}"
EndProject
Project("{8BC9CEB8-8B4A-11D0-8D11-00A0C91BC942}") = "Sorting_2750_Sorting1", "Sorting_2750_Sorting1\Sorting_2750_Sorting1.vcxproj", "{69441DDA-7E29-4BA2-A680-CB9231A04A05}"
EndProject
Project("{8BC9CEB8-8B4A-11D0-8D11-00A0C91BC942}") = "Sorting_2751_Sorting2", "Sorting_2751_Sorting2\Sorting_2751_Sorting2.vcxproj", "{C8870AAF-BD28-45A0-ABF2-2CF4D7ABDD51}"
EndProject
Project("{8BC9CEB8-8B4A-11D0-8D11-00A0C91BC942}") = "Sorting_10989_Sorting3", "Sorting_10989_Sorting3\Sorting_10989_Sorting3.vcxproj", "{65DDB6A1-64BB-4795-B91F-414B22CF35D0}"
EndProject
Project("{8BC9CEB8-8B4A-11D0-8D11-00A0C91BC942}") = "Sorting_2108_Statistics", "Sorting_2108_Statistics\Sorting_2108_Statistics.vcxproj", "{6BCC5583-7CC7-4FAB-8EEC-04F5ED4940B7}"
EndProject
Global
	GlobalSection(SolutionConfigurationPlatforms) = preSolution
		Debug|x64 = Debug|x64
		Debug|x86 = Debug|x86
		Release|x64 = Release|x64
		Release|x86 = Release|x86
	EndGlobalSection
	GlobalSection(ProjectConfigurationPlatforms) = postSolution
		{3AD61EB2-4815-477E-8401-363941D29B48}.Debug|x64.ActiveCfg = Debug|x64
		{3AD61EB2-4815-477E-8401-363941D29B48}.Debug|x64.Build.0 = Debug|x64
		{3AD61EB2-4815-477E-8401-363941D29B48}.Debug|x86.ActiveCfg = Debug|Win32
		{3AD61EB2-4815-477E-8401-363941D29B48}.Debug|x86.Build.0 = Debug|Win32
		{3AD61EB2-4815-477E-8401-363941D29B48}.Release|x64.ActiveCfg = Release|x64
		{3AD61EB2-4815-477E-8401-363941D29B48}.Release|x64.Build.0 = Release|x64
		{3AD61EB2-4815-477E-8401-363941D29B48}.Release|x86.ActiveCfg = Release|Win32
		{3AD61EB2-4815-477E-8401-363941D29B48}.Release|x86.Build.0 = Release|Win32
		{E1A55130-17AA-4394-8DCC-BA853194FB89}.Debug|x64.ActiveCfg = Debug|x64
		{E1A55130-17AA-4394-8DCC-BA853194FB89}.Debug|x64.Build.0 = Debug|x64
		{E1A55130-17AA-4394-8DCC-BA853194FB89}.Debug|x86.ActiveCfg = Debug|Win32
		{E1A55130-17AA-4394-8DCC-BA853194FB89}.Debug|x86.Build.0 = Debug|Win32
		{E1A55130-17AA-4394-8DCC-BA853194FB89}.Release|x64.ActiveCfg = Release|x64
		{E1A55130-17AA-4394-8DCC-BA853194FB89}.Release|x64.Build.0 = Release|x64
		{E1A55130-17AA-4394-8DCC-BA853194FB89}.Release|x86.ActiveCfg = Release|Win32
		{E1A55130-17AA-4394-8DCC-BA853194FB89}.Release|x86.Build.0 = Release|Win32
		{6930D943-220B-4ACC-8C31-A2190FD795BD}.Debug|x64.ActiveCfg = Debug|x64
		{6930D943-220B-4ACC-8C31-A2190FD795BD}.Debug|x64.Build.0 = Debug|x64
		{6930D943-220B-4ACC-8C31-A2190FD795BD}.Debug|x86.ActiveCfg = Debug|Win32
		{6930D943-220B-4ACC-8C31-A2190FD795BD}.Debug|x86.Build.0 = Debug|Win32
		{6930D943-220B-4ACC-8C31-A2190FD795BD}.Release|x64.ActiveCfg = Release|x64
		{6930D943-220B-4ACC-8C31-A2190FD795BD}.Release|x64.Build.0 = Release|x64
		{6930D943-220B-4ACC-8C31-A2190FD795BD}.Release|x86.ActiveCfg = Release|Win32
		{6930D943-220B-4ACC-8C31-A2190FD795BD}.Release|x86.Build.0 = Release|Win32
		{4DB57B64-3A00-4307-B51E-6A5A5AB2D28D}.Debug|x64.ActiveCfg = Debug|x64
		{4DB57B64-3A00-4307-B51E-6A5A5AB2D28D}.Debug|x64.Build.0 = Debug|x64
		{4DB57B64-3A00-4307-B51E-6A5A5AB2D28D}.Debug|x86.ActiveCfg = Debug|Win32
		{4DB57B64-3A00-4307-B51E-6A5A5AB2D28D}.Debug|x86.Build.0 = Debug|Win32
		{4DB57B64-3A00-4307-B51E-6A5A5AB2D28D}.Release|x64.ActiveCfg = Release|x64
		{4DB57B64-3A00-4307-B51E-6A5A5AB2D28D}.Release|x64.Build.0 = Release|x64
		{4DB57B64-3A00-4307-B51E-6A5A5AB2D28D}.Release|x86.ActiveCfg = Release|Win32
		{4DB57B64-3A00-4307-B51E-6A5A5AB2D28D}.Release|x86.Build.0 = Release|Win32
		{298A01A8-C242-4F5D-AA31-4371636C43DE}.Debug|x64.ActiveCfg = Debug|x64
		{298A01A8-C242-4F5D-AA31-4371636C43DE}.Debug|x64.Build.0 = Debug|x64
		{298A01A8-C242-4F5D-AA31-4371636C43DE}.Debug|x86.ActiveCfg = Debug|Win32
		{298A01A8-C242-4F5D-AA31-4371636C43DE}.Debug|x86.Build.0 = Debug|Win32
		{298A01A8-C242-4F5D-AA31-4371636C43DE}.Release|x64.ActiveCfg = Release|x64
		{298A01A8-C242-4F5D-AA31-4371636C43DE}.Release|x64.Build.0 = Release|x64
		{298A01A8-C242-4F5D-AA31-4371636C43DE}.Release|x86.ActiveCfg = Release|Win32
		{298A01A8-C242-4F5D-AA31-4371636C43DE}.Release|x86.Build.0 = Release|Win32
		{884783E8-3FA7-49C6-895B-E3F4AC7F2926}.Debug|x64.ActiveCfg = Debug|x64
		{884783E8-3FA7-49C6-895B-E3F4AC7F2926}.Debug|x64.Build.0 = Debug|x64
		{884783E8-3FA7-49C6-895B-E3F4AC7F2926}.Debug|x86.ActiveCfg = Debug|Win32
		{884783E8-3FA7-49C6-895B-E3F4AC7F2926}.Debug|x86.Build.0 = Debug|Win32
		{884783E8-3FA7-49C6-895B-E3F4AC7F2926}.Release|x64.ActiveCfg = Release|x64
		{884783E8-3FA7-49C6-895B-E3F4AC7F2926}.Release|x64.Build.0 = Release|x64
		{884783E8-3FA7-49C6-895B-E3F4AC7F2926}.Release|x86.ActiveCfg = Release|Win32
		{884783E8-3FA7-49C6-895B-E3F4AC7F2926}.Release|x86.Build.0 = Release|Win32
		{706813F4-9479-42C6-B307-7D8355B35BD7}.Debug|x64.ActiveCfg = Debug|x64
		{706813F4-9479-42C6-B307-7D8355B35BD7}.Debug|x64.Build.0 = Debug|x64
		{706813F4-9479-42C6-B307-7D8355B35BD7}.Debug|x86.ActiveCfg = Debug|Win32
		{706813F4-9479-42C6-B307-7D8355B35BD7}.Debug|x86.Build.0 = Debug|Win32
		{706813F4-9479-42C6-B307-7D8355B35BD7}.Release|x64.ActiveCfg = Release|x64
		{706813F4-9479-42C6-B307-7D8355B35BD7}.Release|x64.Build.0 = Release|x64
		{706813F4-9479-42C6-B307-7D8355B35BD7}.Release|x86.ActiveCfg = Release|Win32
		{706813F4-9479-42C6-B307-7D8355B35BD7}.Release|x86.Build.0 = Release|Win32
		{69441DDA-7E29-4BA2-A680-CB9231A04A05}.Debug|x64.ActiveCfg = Debug|x64
		{69441DDA-7E29-4BA2-A680-CB9231A04A05}.Debug|x64.Build.0 = Debug|x64
		{69441DDA-7E29-4BA2-A680-CB9231A04A05}.Debug|x86.ActiveCfg = Debug|Win32
		{69441DDA-7E29-4BA2-A680-CB9231A04A05}.Debug|x86.Build.0 = Debug|Win32
		{69441DDA-7E29-4BA2-A680-CB9231A04A05}.Release|x64.ActiveCfg = Release|x64
		{69441DDA-7E29-4BA2-A680-CB9231A04A05}.Release|x64.Build.0 = Release|x64
		{69441DDA-7E29-4BA2-A680-CB9231A04A05}.Release|x86.ActiveCfg = Release|Win32
		{69441DDA-7E29-4BA2-A680-CB9231A04A05}.Release|x86.Build.0 = Release|Win32
		{C8870AAF-BD28-45A0-ABF2-2CF4D7ABDD51}.Debug|x64.ActiveCfg = Debug|x64
		{C8870AAF-BD28-45A0-ABF2-2CF4D7ABDD51}.Debug|x64.Build.0 = Debug|x64
		{C8870AAF-BD28-45A0-ABF2-2CF4D7ABDD51}.Debug|x86.ActiveCfg = Debug|Win32
		{C8870AAF-BD28-45A0-ABF2-2CF4D7ABDD51}.Debug|x86.Build.0 = Debug|Win32
		{C8870AAF-BD28-45A0-ABF2-2CF4D7ABDD51}.Release|x64.ActiveCfg = Release|x64
		{C8870AAF-BD28-45A0-ABF2-2CF4D7ABDD51}.Release|x64.Build.0 = Release|x64
		{C8870AAF-BD28-45A0-ABF2-2CF4D7ABDD51}.Release|x86.ActiveCfg = Release|Win32
		{C8870AAF-BD28-45A0-ABF2-2CF4D7ABDD51}.Release|x86.Build.0 = Release|Win32
		{65DDB6A1-64BB-4795-B91F-414B22CF35D0}.Debug|x64.ActiveCfg = Debug|x64
		{65DDB6A1-64BB-4795-B91F-414B22CF35D0}.Debug|x64.Build.0 = Debug|x64
		{65DDB6A1-64BB-4795-B91F-414B22CF35D0}.Debug|x86.ActiveCfg = Debug|Win32
		{65DDB6A1-64BB-4795-B91F-414B22CF35D0}.Debug|x86.Build.0 = Debug|Win32
		{65DDB6A1-64BB-4795-B91F-414B22CF35D0}.Release|x64.ActiveCfg = Release|x64
		{65DDB6A1-64BB-4795-B91F-414B22CF35D0}.Release|x64.Build.0 = Release|x64
		{65DDB6A1-64BB-4795-B91F-414B22CF35D0}.Release|x86.ActiveCfg = Release|Win32
		{65DDB6A1-64BB-4795-B91F-414B22CF35D0}.Release|x86.Build.0 = Release|Win32
		{6BCC5583-7CC7-4FAB-8EEC-04F5ED4940B7}.Debug|x64.ActiveCfg = Debug|x64
		{6BCC5583-7CC7-4FAB-8EEC-04F5ED4940B7}.Debug|x64.Build.0 = Debug|x64
		{6BCC5583-7CC7-4FAB-8EEC-04F5ED4940B7}.Debug|x86.ActiveCfg = Debug|Win32
		{6BCC5583-7CC7-4FAB-8EEC-04F5ED4940B7}.Debug|x86.Build.0 = Debug|Win32
		{6BCC5583-7CC7-4FAB-8EEC-04F5ED4940B7}.Release|x64.ActiveCfg = Release|x64
		{6BCC5583-7CC7-4FAB-8EEC-04F5ED4940B7}.Release|x64.Build.0 = Release|x64
		{6BCC5583-7CC7-4FAB-8EEC-04F5ED4940B7}.Release|x86.ActiveCfg = Release|Win32
		{6BCC5583-7CC7-4FAB-8EEC-04F5ED4940B7}.Release|x86.Build.0 = Release|Win32
	EndGlobalSection
	GlobalSection(SolutionProperties) = preSolution
		HideSolutionNode = FALSE
	EndGlobalSection
	GlobalSection(ExtensibilityGlobals) = postSolution
		SolutionGuid = {8618AE28-9B0C-4C23-B8C8-A45788C14A4A}
	EndGlobalSection
EndGlobal
