
Microsoft Visual Studio Solution File, Format Version 12.00
# Visual Studio Version 17
VisualStudioVersion = 17.1.32319.34
MinimumVisualStudioVersion = 10.0.40219.1
Project("{8BC9CEB8-8B4A-11D0-8D11-00A0C91BC942}") = "PrefixSum", "PrefixSum\PrefixSum.vcxproj", "{CC1EB89E-90F8-4140-A314-59947122F422}"
EndProject
Project("{8BC9CEB8-8B4A-11D0-8D11-00A0C91BC942}") = "PrefixSum_11659_PrefixSum4", "PrefixSum_11659_PrefixSum4\PrefixSum_11659_PrefixSum4.vcxproj", "{D96A7115-6460-4EB3-9A96-EB8FB5B80B43}"
EndProject
Project("{8BC9CEB8-8B4A-11D0-8D11-00A0C91BC942}") = "PrefixSum_2559_Sequence", "PrefixSum_2559_Sequence\PrefixSum_2559_Sequence.vcxproj", "{8D62B2E2-4B4D-4FB8-8940-E0610546DAC7}"
EndProject
Project("{8BC9CEB8-8B4A-11D0-8D11-00A0C91BC942}") = "PrefixSum_16139_HumanComputerInteraction", "PrefixSum_16139_HumanComputerInteraction\PrefixSum_16139_HumanComputerInteraction.vcxproj", "{AA591827-FA7E-4438-80D8-5B3DC7F815B9}"
EndProject
Global
	GlobalSection(SolutionConfigurationPlatforms) = preSolution
		Debug|x64 = Debug|x64
		Debug|x86 = Debug|x86
		Release|x64 = Release|x64
		Release|x86 = Release|x86
	EndGlobalSection
	GlobalSection(ProjectConfigurationPlatforms) = postSolution
		{CC1EB89E-90F8-4140-A314-59947122F422}.Debug|x64.ActiveCfg = Debug|x64
		{CC1EB89E-90F8-4140-A314-59947122F422}.Debug|x64.Build.0 = Debug|x64
		{CC1EB89E-90F8-4140-A314-59947122F422}.Debug|x86.ActiveCfg = Debug|Win32
		{CC1EB89E-90F8-4140-A314-59947122F422}.Debug|x86.Build.0 = Debug|Win32
		{CC1EB89E-90F8-4140-A314-59947122F422}.Release|x64.ActiveCfg = Release|x64
		{CC1EB89E-90F8-4140-A314-59947122F422}.Release|x64.Build.0 = Release|x64
		{CC1EB89E-90F8-4140-A314-59947122F422}.Release|x86.ActiveCfg = Release|Win32
		{CC1EB89E-90F8-4140-A314-59947122F422}.Release|x86.Build.0 = Release|Win32
		{D96A7115-6460-4EB3-9A96-EB8FB5B80B43}.Debug|x64.ActiveCfg = Debug|x64
		{D96A7115-6460-4EB3-9A96-EB8FB5B80B43}.Debug|x64.Build.0 = Debug|x64
		{D96A7115-6460-4EB3-9A96-EB8FB5B80B43}.Debug|x86.ActiveCfg = Debug|Win32
		{D96A7115-6460-4EB3-9A96-EB8FB5B80B43}.Debug|x86.Build.0 = Debug|Win32
		{D96A7115-6460-4EB3-9A96-EB8FB5B80B43}.Release|x64.ActiveCfg = Release|x64
		{D96A7115-6460-4EB3-9A96-EB8FB5B80B43}.Release|x64.Build.0 = Release|x64
		{D96A7115-6460-4EB3-9A96-EB8FB5B80B43}.Release|x86.ActiveCfg = Release|Win32
		{D96A7115-6460-4EB3-9A96-EB8FB5B80B43}.Release|x86.Build.0 = Release|Win32
		{8D62B2E2-4B4D-4FB8-8940-E0610546DAC7}.Debug|x64.ActiveCfg = Debug|x64
		{8D62B2E2-4B4D-4FB8-8940-E0610546DAC7}.Debug|x64.Build.0 = Debug|x64
		{8D62B2E2-4B4D-4FB8-8940-E0610546DAC7}.Debug|x86.ActiveCfg = Debug|Win32
		{8D62B2E2-4B4D-4FB8-8940-E0610546DAC7}.Debug|x86.Build.0 = Debug|Win32
		{8D62B2E2-4B4D-4FB8-8940-E0610546DAC7}.Release|x64.ActiveCfg = Release|x64
		{8D62B2E2-4B4D-4FB8-8940-E0610546DAC7}.Release|x64.Build.0 = Release|x64
		{8D62B2E2-4B4D-4FB8-8940-E0610546DAC7}.Release|x86.ActiveCfg = Release|Win32
		{8D62B2E2-4B4D-4FB8-8940-E0610546DAC7}.Release|x86.Build.0 = Release|Win32
		{AA591827-FA7E-4438-80D8-5B3DC7F815B9}.Debug|x64.ActiveCfg = Debug|x64
		{AA591827-FA7E-4438-80D8-5B3DC7F815B9}.Debug|x64.Build.0 = Debug|x64
		{AA591827-FA7E-4438-80D8-5B3DC7F815B9}.Debug|x86.ActiveCfg = Debug|Win32
		{AA591827-FA7E-4438-80D8-5B3DC7F815B9}.Debug|x86.Build.0 = Debug|Win32
		{AA591827-FA7E-4438-80D8-5B3DC7F815B9}.Release|x64.ActiveCfg = Release|x64
		{AA591827-FA7E-4438-80D8-5B3DC7F815B9}.Release|x64.Build.0 = Release|x64
		{AA591827-FA7E-4438-80D8-5B3DC7F815B9}.Release|x86.ActiveCfg = Release|Win32
		{AA591827-FA7E-4438-80D8-5B3DC7F815B9}.Release|x86.Build.0 = Release|Win32
	EndGlobalSection
	GlobalSection(SolutionProperties) = preSolution
		HideSolutionNode = FALSE
	EndGlobalSection
	GlobalSection(ExtensibilityGlobals) = postSolution
		SolutionGuid = {505A626E-C054-454A-BD3D-F03E7A508B71}
	EndGlobalSection
EndGlobal
