
Microsoft Visual Studio Solution File, Format Version 12.00
# Visual Studio Version 17
VisualStudioVersion = 17.0.32112.339
MinimumVisualStudioVersion = 10.0.40219.1
Project("{8BC9CEB8-8B4A-11D0-8D11-00A0C91BC942}") = "DynamicProgramming", "DynamicProgramming\DynamicProgramming.vcxproj", "{F96D1D85-E762-436E-BE09-C9499FC33315}"
EndProject
Project("{8BC9CEB8-8B4A-11D0-8D11-00A0C91BC942}") = "DynamicProgramming_1003_Fibonacci", "DynamicProgramming_1003_Fibonacci\DynamicProgramming_1003_Fibonacci.vcxproj", "{419A9033-76BD-4DD2-B2DC-DC0E06F852B0}"
EndProject
Project("{8BC9CEB8-8B4A-11D0-8D11-00A0C91BC942}") = "DynamicProgramming_9184_ExcitingFuction", "DynamicProgramming_9184_ExcitingFuction\DynamicProgramming_9184_ExcitingFuction.vcxproj", "{41355BCF-22AC-4279-A175-C3B06B1FB13A}"
EndProject
Project("{8BC9CEB8-8B4A-11D0-8D11-00A0C91BC942}") = "DynamicProgramming_1901_01Tile", "DynamicProgramming_1901_01Tile\DynamicProgramming_1901_01Tile.vcxproj", "{F401E95E-D75F-4CEF-A979-DE929CD42578}"
EndProject
Project("{8BC9CEB8-8B4A-11D0-8D11-00A0C91BC942}") = "DynamicProgramming_1149_RGBStreet", "DynamicProgramming_1149_RGBStreet\DynamicProgramming_1149_RGBStreet.vcxproj", "{7F3B12EA-56C5-45E1-9F3C-4F2D2469762E}"
EndProject
Project("{8BC9CEB8-8B4A-11D0-8D11-00A0C91BC942}") = "DynamicProgramming_1932_IntegralTriangle", "DynamicProgramming_1932_IntegralTriangle\DynamicProgramming_1932_IntegralTriangle.vcxproj", "{E5B457AE-1BEB-46E8-98A0-AFB415A519D9}"
EndProject
Project("{8BC9CEB8-8B4A-11D0-8D11-00A0C91BC942}") = "DynamicProgramming_2579_Stairs", "DynamicProgramming_2579_Stairs\DynamicProgramming_2579_Stairs.vcxproj", "{962CAADC-D917-4F9A-B7B8-63BA560CBF53}"
EndProject
Project("{8BC9CEB8-8B4A-11D0-8D11-00A0C91BC942}") = "DynamicProgramming_1463_Make1", "DynamicProgramming_1463_Make1\DynamicProgramming_1463_Make1.vcxproj", "{1D7ADC27-FA75-4B81-A966-0AD8EACCD296}"
EndProject
Project("{8BC9CEB8-8B4A-11D0-8D11-00A0C91BC942}") = "DynamicProgramming_10844_EasyStairsNumber", "DynamicProgramming_10844_EasyStairsNumber\DynamicProgramming_10844_EasyStairsNumber.vcxproj", "{E766062F-A8AB-4CF4-9B02-9C4978E260F8}"
EndProject
Project("{8BC9CEB8-8B4A-11D0-8D11-00A0C91BC942}") = "DynamicProgramming_2156_WineTasting", "DynamicProgramming_2156_WineTasting\DynamicProgramming_2156_WineTasting.vcxproj", "{657F4456-80AB-47A5-9C3B-49E388BC0816}"
EndProject
Project("{8BC9CEB8-8B4A-11D0-8D11-00A0C91BC942}") = "DynamicProgramming_11053_LIS", "DynamicProgramming_11053_LIS\DynamicProgramming_11053_LIS.vcxproj", "{813FFDCC-0639-443C-B245-0D387A2AF23A}"
EndProject
Project("{8BC9CEB8-8B4A-11D0-8D11-00A0C91BC942}") = "DynamicProgramming_11054_BitonicSequence", "DynamicProgramming_11054_BitonicSequence\DynamicProgramming_11054_BitonicSequence.vcxproj", "{02B8E267-6D41-4416-B627-30E98335C709}"
EndProject
Project("{8BC9CEB8-8B4A-11D0-8D11-00A0C91BC942}") = "DynamicProgramming_2565_ElectircWire", "DynamicProgramming_2565_ElectircWire\DynamicProgramming_2565_ElectircWire.vcxproj", "{9F97D6C8-96E1-4604-97C6-223927552543}"
EndProject
Project("{8BC9CEB8-8B4A-11D0-8D11-00A0C91BC942}") = "DynamicProgramming_9251_LCS", "DynamicProgramming_9251_LCS\DynamicProgramming_9251_LCS.vcxproj", "{3C7B6BB2-A869-498D-8A56-014AD361A7A4}"
EndProject
Project("{8BC9CEB8-8B4A-11D0-8D11-00A0C91BC942}") = "DynamicProgramming_1912_PrefixSum", "DynamicProgramming_1912_PrefixSum\DynamicProgramming_1912_PrefixSum.vcxproj", "{480633A3-A2FC-46FF-A0CC-F2ED554A11F8}"
EndProject
Project("{8BC9CEB8-8B4A-11D0-8D11-00A0C91BC942}") = "DynamicProgramming_12865_Knapsack", "DynamicProgramming_12865_Knapsack\DynamicProgramming_12865_Knapsack.vcxproj", "{40671865-E486-45E8-84A2-C64FF46A7B4D}"
EndProject
Project("{8BC9CEB8-8B4A-11D0-8D11-00A0C91BC942}") = "DynamicProgramming_2449_light", "DynamicProgramming_2449_light\DynamicProgramming_2449_light.vcxproj", "{4D3F0CD6-F936-450B-9C57-3957810E46FD}"
EndProject
Global
	GlobalSection(SolutionConfigurationPlatforms) = preSolution
		Debug|x64 = Debug|x64
		Debug|x86 = Debug|x86
		Release|x64 = Release|x64
		Release|x86 = Release|x86
	EndGlobalSection
	GlobalSection(ProjectConfigurationPlatforms) = postSolution
		{F96D1D85-E762-436E-BE09-C9499FC33315}.Debug|x64.ActiveCfg = Debug|x64
		{F96D1D85-E762-436E-BE09-C9499FC33315}.Debug|x64.Build.0 = Debug|x64
		{F96D1D85-E762-436E-BE09-C9499FC33315}.Debug|x86.ActiveCfg = Debug|Win32
		{F96D1D85-E762-436E-BE09-C9499FC33315}.Debug|x86.Build.0 = Debug|Win32
		{F96D1D85-E762-436E-BE09-C9499FC33315}.Release|x64.ActiveCfg = Release|x64
		{F96D1D85-E762-436E-BE09-C9499FC33315}.Release|x64.Build.0 = Release|x64
		{F96D1D85-E762-436E-BE09-C9499FC33315}.Release|x86.ActiveCfg = Release|Win32
		{F96D1D85-E762-436E-BE09-C9499FC33315}.Release|x86.Build.0 = Release|Win32
		{419A9033-76BD-4DD2-B2DC-DC0E06F852B0}.Debug|x64.ActiveCfg = Debug|x64
		{419A9033-76BD-4DD2-B2DC-DC0E06F852B0}.Debug|x64.Build.0 = Debug|x64
		{419A9033-76BD-4DD2-B2DC-DC0E06F852B0}.Debug|x86.ActiveCfg = Debug|Win32
		{419A9033-76BD-4DD2-B2DC-DC0E06F852B0}.Debug|x86.Build.0 = Debug|Win32
		{419A9033-76BD-4DD2-B2DC-DC0E06F852B0}.Release|x64.ActiveCfg = Release|x64
		{419A9033-76BD-4DD2-B2DC-DC0E06F852B0}.Release|x64.Build.0 = Release|x64
		{419A9033-76BD-4DD2-B2DC-DC0E06F852B0}.Release|x86.ActiveCfg = Release|Win32
		{419A9033-76BD-4DD2-B2DC-DC0E06F852B0}.Release|x86.Build.0 = Release|Win32
		{41355BCF-22AC-4279-A175-C3B06B1FB13A}.Debug|x64.ActiveCfg = Debug|x64
		{41355BCF-22AC-4279-A175-C3B06B1FB13A}.Debug|x64.Build.0 = Debug|x64
		{41355BCF-22AC-4279-A175-C3B06B1FB13A}.Debug|x86.ActiveCfg = Debug|Win32
		{41355BCF-22AC-4279-A175-C3B06B1FB13A}.Debug|x86.Build.0 = Debug|Win32
		{41355BCF-22AC-4279-A175-C3B06B1FB13A}.Release|x64.ActiveCfg = Release|x64
		{41355BCF-22AC-4279-A175-C3B06B1FB13A}.Release|x64.Build.0 = Release|x64
		{41355BCF-22AC-4279-A175-C3B06B1FB13A}.Release|x86.ActiveCfg = Release|Win32
		{41355BCF-22AC-4279-A175-C3B06B1FB13A}.Release|x86.Build.0 = Release|Win32
		{F401E95E-D75F-4CEF-A979-DE929CD42578}.Debug|x64.ActiveCfg = Debug|x64
		{F401E95E-D75F-4CEF-A979-DE929CD42578}.Debug|x64.Build.0 = Debug|x64
		{F401E95E-D75F-4CEF-A979-DE929CD42578}.Debug|x86.ActiveCfg = Debug|Win32
		{F401E95E-D75F-4CEF-A979-DE929CD42578}.Debug|x86.Build.0 = Debug|Win32
		{F401E95E-D75F-4CEF-A979-DE929CD42578}.Release|x64.ActiveCfg = Release|x64
		{F401E95E-D75F-4CEF-A979-DE929CD42578}.Release|x64.Build.0 = Release|x64
		{F401E95E-D75F-4CEF-A979-DE929CD42578}.Release|x86.ActiveCfg = Release|Win32
		{F401E95E-D75F-4CEF-A979-DE929CD42578}.Release|x86.Build.0 = Release|Win32
		{7F3B12EA-56C5-45E1-9F3C-4F2D2469762E}.Debug|x64.ActiveCfg = Debug|x64
		{7F3B12EA-56C5-45E1-9F3C-4F2D2469762E}.Debug|x64.Build.0 = Debug|x64
		{7F3B12EA-56C5-45E1-9F3C-4F2D2469762E}.Debug|x86.ActiveCfg = Debug|Win32
		{7F3B12EA-56C5-45E1-9F3C-4F2D2469762E}.Debug|x86.Build.0 = Debug|Win32
		{7F3B12EA-56C5-45E1-9F3C-4F2D2469762E}.Release|x64.ActiveCfg = Release|x64
		{7F3B12EA-56C5-45E1-9F3C-4F2D2469762E}.Release|x64.Build.0 = Release|x64
		{7F3B12EA-56C5-45E1-9F3C-4F2D2469762E}.Release|x86.ActiveCfg = Release|Win32
		{7F3B12EA-56C5-45E1-9F3C-4F2D2469762E}.Release|x86.Build.0 = Release|Win32
		{E5B457AE-1BEB-46E8-98A0-AFB415A519D9}.Debug|x64.ActiveCfg = Debug|x64
		{E5B457AE-1BEB-46E8-98A0-AFB415A519D9}.Debug|x64.Build.0 = Debug|x64
		{E5B457AE-1BEB-46E8-98A0-AFB415A519D9}.Debug|x86.ActiveCfg = Debug|Win32
		{E5B457AE-1BEB-46E8-98A0-AFB415A519D9}.Debug|x86.Build.0 = Debug|Win32
		{E5B457AE-1BEB-46E8-98A0-AFB415A519D9}.Release|x64.ActiveCfg = Release|x64
		{E5B457AE-1BEB-46E8-98A0-AFB415A519D9}.Release|x64.Build.0 = Release|x64
		{E5B457AE-1BEB-46E8-98A0-AFB415A519D9}.Release|x86.ActiveCfg = Release|Win32
		{E5B457AE-1BEB-46E8-98A0-AFB415A519D9}.Release|x86.Build.0 = Release|Win32
		{962CAADC-D917-4F9A-B7B8-63BA560CBF53}.Debug|x64.ActiveCfg = Debug|x64
		{962CAADC-D917-4F9A-B7B8-63BA560CBF53}.Debug|x64.Build.0 = Debug|x64
		{962CAADC-D917-4F9A-B7B8-63BA560CBF53}.Debug|x86.ActiveCfg = Debug|Win32
		{962CAADC-D917-4F9A-B7B8-63BA560CBF53}.Debug|x86.Build.0 = Debug|Win32
		{962CAADC-D917-4F9A-B7B8-63BA560CBF53}.Release|x64.ActiveCfg = Release|x64
		{962CAADC-D917-4F9A-B7B8-63BA560CBF53}.Release|x64.Build.0 = Release|x64
		{962CAADC-D917-4F9A-B7B8-63BA560CBF53}.Release|x86.ActiveCfg = Release|Win32
		{962CAADC-D917-4F9A-B7B8-63BA560CBF53}.Release|x86.Build.0 = Release|Win32
		{1D7ADC27-FA75-4B81-A966-0AD8EACCD296}.Debug|x64.ActiveCfg = Debug|x64
		{1D7ADC27-FA75-4B81-A966-0AD8EACCD296}.Debug|x64.Build.0 = Debug|x64
		{1D7ADC27-FA75-4B81-A966-0AD8EACCD296}.Debug|x86.ActiveCfg = Debug|Win32
		{1D7ADC27-FA75-4B81-A966-0AD8EACCD296}.Debug|x86.Build.0 = Debug|Win32
		{1D7ADC27-FA75-4B81-A966-0AD8EACCD296}.Release|x64.ActiveCfg = Release|x64
		{1D7ADC27-FA75-4B81-A966-0AD8EACCD296}.Release|x64.Build.0 = Release|x64
		{1D7ADC27-FA75-4B81-A966-0AD8EACCD296}.Release|x86.ActiveCfg = Release|Win32
		{1D7ADC27-FA75-4B81-A966-0AD8EACCD296}.Release|x86.Build.0 = Release|Win32
		{E766062F-A8AB-4CF4-9B02-9C4978E260F8}.Debug|x64.ActiveCfg = Debug|x64
		{E766062F-A8AB-4CF4-9B02-9C4978E260F8}.Debug|x64.Build.0 = Debug|x64
		{E766062F-A8AB-4CF4-9B02-9C4978E260F8}.Debug|x86.ActiveCfg = Debug|Win32
		{E766062F-A8AB-4CF4-9B02-9C4978E260F8}.Debug|x86.Build.0 = Debug|Win32
		{E766062F-A8AB-4CF4-9B02-9C4978E260F8}.Release|x64.ActiveCfg = Release|x64
		{E766062F-A8AB-4CF4-9B02-9C4978E260F8}.Release|x64.Build.0 = Release|x64
		{E766062F-A8AB-4CF4-9B02-9C4978E260F8}.Release|x86.ActiveCfg = Release|Win32
		{E766062F-A8AB-4CF4-9B02-9C4978E260F8}.Release|x86.Build.0 = Release|Win32
		{657F4456-80AB-47A5-9C3B-49E388BC0816}.Debug|x64.ActiveCfg = Debug|x64
		{657F4456-80AB-47A5-9C3B-49E388BC0816}.Debug|x64.Build.0 = Debug|x64
		{657F4456-80AB-47A5-9C3B-49E388BC0816}.Debug|x86.ActiveCfg = Debug|Win32
		{657F4456-80AB-47A5-9C3B-49E388BC0816}.Debug|x86.Build.0 = Debug|Win32
		{657F4456-80AB-47A5-9C3B-49E388BC0816}.Release|x64.ActiveCfg = Release|x64
		{657F4456-80AB-47A5-9C3B-49E388BC0816}.Release|x64.Build.0 = Release|x64
		{657F4456-80AB-47A5-9C3B-49E388BC0816}.Release|x86.ActiveCfg = Release|Win32
		{657F4456-80AB-47A5-9C3B-49E388BC0816}.Release|x86.Build.0 = Release|Win32
		{813FFDCC-0639-443C-B245-0D387A2AF23A}.Debug|x64.ActiveCfg = Debug|x64
		{813FFDCC-0639-443C-B245-0D387A2AF23A}.Debug|x64.Build.0 = Debug|x64
		{813FFDCC-0639-443C-B245-0D387A2AF23A}.Debug|x86.ActiveCfg = Debug|Win32
		{813FFDCC-0639-443C-B245-0D387A2AF23A}.Debug|x86.Build.0 = Debug|Win32
		{813FFDCC-0639-443C-B245-0D387A2AF23A}.Release|x64.ActiveCfg = Release|x64
		{813FFDCC-0639-443C-B245-0D387A2AF23A}.Release|x64.Build.0 = Release|x64
		{813FFDCC-0639-443C-B245-0D387A2AF23A}.Release|x86.ActiveCfg = Release|Win32
		{813FFDCC-0639-443C-B245-0D387A2AF23A}.Release|x86.Build.0 = Release|Win32
		{02B8E267-6D41-4416-B627-30E98335C709}.Debug|x64.ActiveCfg = Debug|x64
		{02B8E267-6D41-4416-B627-30E98335C709}.Debug|x64.Build.0 = Debug|x64
		{02B8E267-6D41-4416-B627-30E98335C709}.Debug|x86.ActiveCfg = Debug|Win32
		{02B8E267-6D41-4416-B627-30E98335C709}.Debug|x86.Build.0 = Debug|Win32
		{02B8E267-6D41-4416-B627-30E98335C709}.Release|x64.ActiveCfg = Release|x64
		{02B8E267-6D41-4416-B627-30E98335C709}.Release|x64.Build.0 = Release|x64
		{02B8E267-6D41-4416-B627-30E98335C709}.Release|x86.ActiveCfg = Release|Win32
		{02B8E267-6D41-4416-B627-30E98335C709}.Release|x86.Build.0 = Release|Win32
		{9F97D6C8-96E1-4604-97C6-223927552543}.Debug|x64.ActiveCfg = Debug|x64
		{9F97D6C8-96E1-4604-97C6-223927552543}.Debug|x64.Build.0 = Debug|x64
		{9F97D6C8-96E1-4604-97C6-223927552543}.Debug|x86.ActiveCfg = Debug|Win32
		{9F97D6C8-96E1-4604-97C6-223927552543}.Debug|x86.Build.0 = Debug|Win32
		{9F97D6C8-96E1-4604-97C6-223927552543}.Release|x64.ActiveCfg = Release|x64
		{9F97D6C8-96E1-4604-97C6-223927552543}.Release|x64.Build.0 = Release|x64
		{9F97D6C8-96E1-4604-97C6-223927552543}.Release|x86.ActiveCfg = Release|Win32
		{9F97D6C8-96E1-4604-97C6-223927552543}.Release|x86.Build.0 = Release|Win32
		{3C7B6BB2-A869-498D-8A56-014AD361A7A4}.Debug|x64.ActiveCfg = Debug|x64
		{3C7B6BB2-A869-498D-8A56-014AD361A7A4}.Debug|x64.Build.0 = Debug|x64
		{3C7B6BB2-A869-498D-8A56-014AD361A7A4}.Debug|x86.ActiveCfg = Debug|Win32
		{3C7B6BB2-A869-498D-8A56-014AD361A7A4}.Debug|x86.Build.0 = Debug|Win32
		{3C7B6BB2-A869-498D-8A56-014AD361A7A4}.Release|x64.ActiveCfg = Release|x64
		{3C7B6BB2-A869-498D-8A56-014AD361A7A4}.Release|x64.Build.0 = Release|x64
		{3C7B6BB2-A869-498D-8A56-014AD361A7A4}.Release|x86.ActiveCfg = Release|Win32
		{3C7B6BB2-A869-498D-8A56-014AD361A7A4}.Release|x86.Build.0 = Release|Win32
		{480633A3-A2FC-46FF-A0CC-F2ED554A11F8}.Debug|x64.ActiveCfg = Debug|x64
		{480633A3-A2FC-46FF-A0CC-F2ED554A11F8}.Debug|x64.Build.0 = Debug|x64
		{480633A3-A2FC-46FF-A0CC-F2ED554A11F8}.Debug|x86.ActiveCfg = Debug|Win32
		{480633A3-A2FC-46FF-A0CC-F2ED554A11F8}.Debug|x86.Build.0 = Debug|Win32
		{480633A3-A2FC-46FF-A0CC-F2ED554A11F8}.Release|x64.ActiveCfg = Release|x64
		{480633A3-A2FC-46FF-A0CC-F2ED554A11F8}.Release|x64.Build.0 = Release|x64
		{480633A3-A2FC-46FF-A0CC-F2ED554A11F8}.Release|x86.ActiveCfg = Release|Win32
		{480633A3-A2FC-46FF-A0CC-F2ED554A11F8}.Release|x86.Build.0 = Release|Win32
		{40671865-E486-45E8-84A2-C64FF46A7B4D}.Debug|x64.ActiveCfg = Debug|x64
		{40671865-E486-45E8-84A2-C64FF46A7B4D}.Debug|x64.Build.0 = Debug|x64
		{40671865-E486-45E8-84A2-C64FF46A7B4D}.Debug|x86.ActiveCfg = Debug|Win32
		{40671865-E486-45E8-84A2-C64FF46A7B4D}.Debug|x86.Build.0 = Debug|Win32
		{40671865-E486-45E8-84A2-C64FF46A7B4D}.Release|x64.ActiveCfg = Release|x64
		{40671865-E486-45E8-84A2-C64FF46A7B4D}.Release|x64.Build.0 = Release|x64
		{40671865-E486-45E8-84A2-C64FF46A7B4D}.Release|x86.ActiveCfg = Release|Win32
		{40671865-E486-45E8-84A2-C64FF46A7B4D}.Release|x86.Build.0 = Release|Win32
		{4D3F0CD6-F936-450B-9C57-3957810E46FD}.Debug|x64.ActiveCfg = Debug|x64
		{4D3F0CD6-F936-450B-9C57-3957810E46FD}.Debug|x64.Build.0 = Debug|x64
		{4D3F0CD6-F936-450B-9C57-3957810E46FD}.Debug|x86.ActiveCfg = Debug|Win32
		{4D3F0CD6-F936-450B-9C57-3957810E46FD}.Debug|x86.Build.0 = Debug|Win32
		{4D3F0CD6-F936-450B-9C57-3957810E46FD}.Release|x64.ActiveCfg = Release|x64
		{4D3F0CD6-F936-450B-9C57-3957810E46FD}.Release|x64.Build.0 = Release|x64
		{4D3F0CD6-F936-450B-9C57-3957810E46FD}.Release|x86.ActiveCfg = Release|Win32
		{4D3F0CD6-F936-450B-9C57-3957810E46FD}.Release|x86.Build.0 = Release|Win32
	EndGlobalSection
	GlobalSection(SolutionProperties) = preSolution
		HideSolutionNode = FALSE
	EndGlobalSection
	GlobalSection(ExtensibilityGlobals) = postSolution
		SolutionGuid = {588E4BEF-5CC9-47AF-94D4-1A9A4A367004}
	EndGlobalSection
EndGlobal
