
Microsoft Visual Studio Solution File, Format Version 12.00
# Visual Studio Version 17
VisualStudioVersion = 17.0.32112.339
MinimumVisualStudioVersion = 10.0.40219.1
Project("{8BC9CEB8-8B4A-11D0-8D11-00A0C91BC942}") = "DynamicProgramming", "DynamicProgramming\DynamicProgramming.vcxproj", "{F96D1D85-E762-436E-BE09-C9499FC33315}"
EndProject
Project("{8BC9CEB8-8B4A-11D0-8D11-00A0C91BC942}") = "DynamicProgramming_1003_Fibonacci", "DynamicProgramming_1003_Fibonacci\DynamicProgramming_1003_Fibonacci.vcxproj", "{419A9033-76BD-4DD2-B2DC-DC0E06F852B0}"
EndProject
Project("{8BC9CEB8-8B4A-11D0-8D11-00A0C91BC942}") = "DynamicProgramming_9184_ExcitingFuction", "DynamicProgramming_9184_ExcitingFuction\DynamicProgramming_9184_ExcitingFuction.vcxproj", "{41355BCF-22AC-4279-A175-C3B06B1FB13A}"
EndProject
Project("{8BC9CEB8-8B4A-11D0-8D11-00A0C91BC942}") = "DynamicProgramming_1901_01Tile", "DynamicProgramming_1901_01Tile\DynamicProgramming_1901_01Tile.vcxproj", "{F401E95E-D75F-4CEF-A979-DE929CD42578}"
EndProject
Global
	GlobalSection(SolutionConfigurationPlatforms) = preSolution
		Debug|x64 = Debug|x64
		Debug|x86 = Debug|x86
		Release|x64 = Release|x64
		Release|x86 = Release|x86
	EndGlobalSection
	GlobalSection(ProjectConfigurationPlatforms) = postSolution
		{F96D1D85-E762-436E-BE09-C9499FC33315}.Debug|x64.ActiveCfg = Debug|x64
		{F96D1D85-E762-436E-BE09-C9499FC33315}.Debug|x64.Build.0 = Debug|x64
		{F96D1D85-E762-436E-BE09-C9499FC33315}.Debug|x86.ActiveCfg = Debug|Win32
		{F96D1D85-E762-436E-BE09-C9499FC33315}.Debug|x86.Build.0 = Debug|Win32
		{F96D1D85-E762-436E-BE09-C9499FC33315}.Release|x64.ActiveCfg = Release|x64
		{F96D1D85-E762-436E-BE09-C9499FC33315}.Release|x64.Build.0 = Release|x64
		{F96D1D85-E762-436E-BE09-C9499FC33315}.Release|x86.ActiveCfg = Release|Win32
		{F96D1D85-E762-436E-BE09-C9499FC33315}.Release|x86.Build.0 = Release|Win32
		{419A9033-76BD-4DD2-B2DC-DC0E06F852B0}.Debug|x64.ActiveCfg = Debug|x64
		{419A9033-76BD-4DD2-B2DC-DC0E06F852B0}.Debug|x64.Build.0 = Debug|x64
		{419A9033-76BD-4DD2-B2DC-DC0E06F852B0}.Debug|x86.ActiveCfg = Debug|Win32
		{419A9033-76BD-4DD2-B2DC-DC0E06F852B0}.Debug|x86.Build.0 = Debug|Win32
		{419A9033-76BD-4DD2-B2DC-DC0E06F852B0}.Release|x64.ActiveCfg = Release|x64
		{419A9033-76BD-4DD2-B2DC-DC0E06F852B0}.Release|x64.Build.0 = Release|x64
		{419A9033-76BD-4DD2-B2DC-DC0E06F852B0}.Release|x86.ActiveCfg = Release|Win32
		{419A9033-76BD-4DD2-B2DC-DC0E06F852B0}.Release|x86.Build.0 = Release|Win32
		{41355BCF-22AC-4279-A175-C3B06B1FB13A}.Debug|x64.ActiveCfg = Debug|x64
		{41355BCF-22AC-4279-A175-C3B06B1FB13A}.Debug|x64.Build.0 = Debug|x64
		{41355BCF-22AC-4279-A175-C3B06B1FB13A}.Debug|x86.ActiveCfg = Debug|Win32
		{41355BCF-22AC-4279-A175-C3B06B1FB13A}.Debug|x86.Build.0 = Debug|Win32
		{41355BCF-22AC-4279-A175-C3B06B1FB13A}.Release|x64.ActiveCfg = Release|x64
		{41355BCF-22AC-4279-A175-C3B06B1FB13A}.Release|x64.Build.0 = Release|x64
		{41355BCF-22AC-4279-A175-C3B06B1FB13A}.Release|x86.ActiveCfg = Release|Win32
		{41355BCF-22AC-4279-A175-C3B06B1FB13A}.Release|x86.Build.0 = Release|Win32
		{F401E95E-D75F-4CEF-A979-DE929CD42578}.Debug|x64.ActiveCfg = Debug|x64
		{F401E95E-D75F-4CEF-A979-DE929CD42578}.Debug|x64.Build.0 = Debug|x64
		{F401E95E-D75F-4CEF-A979-DE929CD42578}.Debug|x86.ActiveCfg = Debug|Win32
		{F401E95E-D75F-4CEF-A979-DE929CD42578}.Debug|x86.Build.0 = Debug|Win32
		{F401E95E-D75F-4CEF-A979-DE929CD42578}.Release|x64.ActiveCfg = Release|x64
		{F401E95E-D75F-4CEF-A979-DE929CD42578}.Release|x64.Build.0 = Release|x64
		{F401E95E-D75F-4CEF-A979-DE929CD42578}.Release|x86.ActiveCfg = Release|Win32
		{F401E95E-D75F-4CEF-A979-DE929CD42578}.Release|x86.Build.0 = Release|Win32
	EndGlobalSection
	GlobalSection(SolutionProperties) = preSolution
		HideSolutionNode = FALSE
	EndGlobalSection
	GlobalSection(ExtensibilityGlobals) = postSolution
		SolutionGuid = {588E4BEF-5CC9-47AF-94D4-1A9A4A367004}
	EndGlobalSection
EndGlobal
