
Microsoft Visual Studio Solution File, Format Version 12.00
# Visual Studio Version 17
VisualStudioVersion = 17.1.32319.34
MinimumVisualStudioVersion = 10.0.40219.1
Project("{8BC9CEB8-8B4A-11D0-8D11-00A0C91BC942}") = "NumberTheoryAndCombinatorics", "NumberTheoryAndCombinatorics\NumberTheoryAndCombinatorics.vcxproj", "{84C2B660-78EA-4CCF-960A-7E1932528F1A}"
EndProject
Project("{8BC9CEB8-8B4A-11D0-8D11-00A0C91BC942}") = "NumberTheoryAndCombinatorics_5086_MultipleAndDivisor", "NumberTheoryAndCombinatorics_5086_MultipleAndDivisor\NumberTheoryAndCombinatorics_5086_MultipleAndDivisor.vcxproj", "{9938EAE8-185B-42D0-BB60-7FC78118B8E4}"
EndProject
Project("{8BC9CEB8-8B4A-11D0-8D11-00A0C91BC942}") = "NumberTheoryAndCombinatorics_1037_Divisor", "NumberTheoryAndCombinatorics_1037_Divisor\NumberTheoryAndCombinatorics_1037_Divisor.vcxproj", "{BFE4E5DD-DC5C-4270-BA83-21736256C9D9}"
EndProject
Project("{8BC9CEB8-8B4A-11D0-8D11-00A0C91BC942}") = "NumberTheoryAndCombinatorics_2609_GCFandLCM", "NumberTheoryAndCombinatorics_2609_GCFandLCM\NumberTheoryAndCombinatorics_2609_GCFandLCM.vcxproj", "{DF2C55A6-2537-41CE-9564-99458B47FA47}"
EndProject
Project("{8BC9CEB8-8B4A-11D0-8D11-00A0C91BC942}") = "NumberTheoryAndCombinatorics_1934_LCM", "NumberTheoryAndCombinatorics_1934_LCM\NumberTheoryAndCombinatorics_1934_LCM.vcxproj", "{10A4E676-3DE9-492F-9C2C-484FE9EE2555}"
EndProject
Project("{8BC9CEB8-8B4A-11D0-8D11-00A0C91BC942}") = "NumberTheoryAndCombinatorics_2981_Inspection", "NumberTheoryAndCombinatorics_2981_Inspection\NumberTheoryAndCombinatorics_2981_Inspection.vcxproj", "{826C81D3-AD18-489E-A7D4-0B7A5D41B70D}"
EndProject
Project("{8BC9CEB8-8B4A-11D0-8D11-00A0C91BC942}") = "NumberTheoryAndCombinatorics_3036_Ring", "NumberTheoryAndCombinatorics_3036_Ring\NumberTheoryAndCombinatorics_3036_Ring.vcxproj", "{D50D7740-9A65-4781-BAE4-841DB4550383}"
EndProject
Project("{8BC9CEB8-8B4A-11D0-8D11-00A0C91BC942}") = "NumberTheoryAndCombinatorics_11050_BinomialCoefficient", "NumberTheoryAndCombinatorics_11050_BinomialCoefficient\NumberTheoryAndCombinatorics_11050_BinomialCoefficient.vcxproj", "{D9AD5F2C-8935-4565-B52C-40B08A3EF2A3}"
EndProject
Project("{8BC9CEB8-8B4A-11D0-8D11-00A0C91BC942}") = "NumberTheoryAndCombinatorics_11051_BinomialCoefficient2", "NumberTheoryAndCombinatorics_11051_BinomialCoefficient2\NumberTheoryAndCombinatorics_11051_BinomialCoefficient2.vcxproj", "{77EFB71B-C370-400E-977B-3F4F915D900D}"
EndProject
Global
	GlobalSection(SolutionConfigurationPlatforms) = preSolution
		Debug|x64 = Debug|x64
		Debug|x86 = Debug|x86
		Release|x64 = Release|x64
		Release|x86 = Release|x86
	EndGlobalSection
	GlobalSection(ProjectConfigurationPlatforms) = postSolution
		{84C2B660-78EA-4CCF-960A-7E1932528F1A}.Debug|x64.ActiveCfg = Debug|x64
		{84C2B660-78EA-4CCF-960A-7E1932528F1A}.Debug|x64.Build.0 = Debug|x64
		{84C2B660-78EA-4CCF-960A-7E1932528F1A}.Debug|x86.ActiveCfg = Debug|Win32
		{84C2B660-78EA-4CCF-960A-7E1932528F1A}.Debug|x86.Build.0 = Debug|Win32
		{84C2B660-78EA-4CCF-960A-7E1932528F1A}.Release|x64.ActiveCfg = Release|x64
		{84C2B660-78EA-4CCF-960A-7E1932528F1A}.Release|x64.Build.0 = Release|x64
		{84C2B660-78EA-4CCF-960A-7E1932528F1A}.Release|x86.ActiveCfg = Release|Win32
		{84C2B660-78EA-4CCF-960A-7E1932528F1A}.Release|x86.Build.0 = Release|Win32
		{9938EAE8-185B-42D0-BB60-7FC78118B8E4}.Debug|x64.ActiveCfg = Debug|x64
		{9938EAE8-185B-42D0-BB60-7FC78118B8E4}.Debug|x64.Build.0 = Debug|x64
		{9938EAE8-185B-42D0-BB60-7FC78118B8E4}.Debug|x86.ActiveCfg = Debug|Win32
		{9938EAE8-185B-42D0-BB60-7FC78118B8E4}.Debug|x86.Build.0 = Debug|Win32
		{9938EAE8-185B-42D0-BB60-7FC78118B8E4}.Release|x64.ActiveCfg = Release|x64
		{9938EAE8-185B-42D0-BB60-7FC78118B8E4}.Release|x64.Build.0 = Release|x64
		{9938EAE8-185B-42D0-BB60-7FC78118B8E4}.Release|x86.ActiveCfg = Release|Win32
		{9938EAE8-185B-42D0-BB60-7FC78118B8E4}.Release|x86.Build.0 = Release|Win32
		{BFE4E5DD-DC5C-4270-BA83-21736256C9D9}.Debug|x64.ActiveCfg = Debug|x64
		{BFE4E5DD-DC5C-4270-BA83-21736256C9D9}.Debug|x64.Build.0 = Debug|x64
		{BFE4E5DD-DC5C-4270-BA83-21736256C9D9}.Debug|x86.ActiveCfg = Debug|Win32
		{BFE4E5DD-DC5C-4270-BA83-21736256C9D9}.Debug|x86.Build.0 = Debug|Win32
		{BFE4E5DD-DC5C-4270-BA83-21736256C9D9}.Release|x64.ActiveCfg = Release|x64
		{BFE4E5DD-DC5C-4270-BA83-21736256C9D9}.Release|x64.Build.0 = Release|x64
		{BFE4E5DD-DC5C-4270-BA83-21736256C9D9}.Release|x86.ActiveCfg = Release|Win32
		{BFE4E5DD-DC5C-4270-BA83-21736256C9D9}.Release|x86.Build.0 = Release|Win32
		{DF2C55A6-2537-41CE-9564-99458B47FA47}.Debug|x64.ActiveCfg = Debug|x64
		{DF2C55A6-2537-41CE-9564-99458B47FA47}.Debug|x64.Build.0 = Debug|x64
		{DF2C55A6-2537-41CE-9564-99458B47FA47}.Debug|x86.ActiveCfg = Debug|Win32
		{DF2C55A6-2537-41CE-9564-99458B47FA47}.Debug|x86.Build.0 = Debug|Win32
		{DF2C55A6-2537-41CE-9564-99458B47FA47}.Release|x64.ActiveCfg = Release|x64
		{DF2C55A6-2537-41CE-9564-99458B47FA47}.Release|x64.Build.0 = Release|x64
		{DF2C55A6-2537-41CE-9564-99458B47FA47}.Release|x86.ActiveCfg = Release|Win32
		{DF2C55A6-2537-41CE-9564-99458B47FA47}.Release|x86.Build.0 = Release|Win32
		{10A4E676-3DE9-492F-9C2C-484FE9EE2555}.Debug|x64.ActiveCfg = Debug|x64
		{10A4E676-3DE9-492F-9C2C-484FE9EE2555}.Debug|x64.Build.0 = Debug|x64
		{10A4E676-3DE9-492F-9C2C-484FE9EE2555}.Debug|x86.ActiveCfg = Debug|Win32
		{10A4E676-3DE9-492F-9C2C-484FE9EE2555}.Debug|x86.Build.0 = Debug|Win32
		{10A4E676-3DE9-492F-9C2C-484FE9EE2555}.Release|x64.ActiveCfg = Release|x64
		{10A4E676-3DE9-492F-9C2C-484FE9EE2555}.Release|x64.Build.0 = Release|x64
		{10A4E676-3DE9-492F-9C2C-484FE9EE2555}.Release|x86.ActiveCfg = Release|Win32
		{10A4E676-3DE9-492F-9C2C-484FE9EE2555}.Release|x86.Build.0 = Release|Win32
		{826C81D3-AD18-489E-A7D4-0B7A5D41B70D}.Debug|x64.ActiveCfg = Debug|x64
		{826C81D3-AD18-489E-A7D4-0B7A5D41B70D}.Debug|x64.Build.0 = Debug|x64
		{826C81D3-AD18-489E-A7D4-0B7A5D41B70D}.Debug|x86.ActiveCfg = Debug|Win32
		{826C81D3-AD18-489E-A7D4-0B7A5D41B70D}.Debug|x86.Build.0 = Debug|Win32
		{826C81D3-AD18-489E-A7D4-0B7A5D41B70D}.Release|x64.ActiveCfg = Release|x64
		{826C81D3-AD18-489E-A7D4-0B7A5D41B70D}.Release|x64.Build.0 = Release|x64
		{826C81D3-AD18-489E-A7D4-0B7A5D41B70D}.Release|x86.ActiveCfg = Release|Win32
		{826C81D3-AD18-489E-A7D4-0B7A5D41B70D}.Release|x86.Build.0 = Release|Win32
		{D50D7740-9A65-4781-BAE4-841DB4550383}.Debug|x64.ActiveCfg = Debug|x64
		{D50D7740-9A65-4781-BAE4-841DB4550383}.Debug|x64.Build.0 = Debug|x64
		{D50D7740-9A65-4781-BAE4-841DB4550383}.Debug|x86.ActiveCfg = Debug|Win32
		{D50D7740-9A65-4781-BAE4-841DB4550383}.Debug|x86.Build.0 = Debug|Win32
		{D50D7740-9A65-4781-BAE4-841DB4550383}.Release|x64.ActiveCfg = Release|x64
		{D50D7740-9A65-4781-BAE4-841DB4550383}.Release|x64.Build.0 = Release|x64
		{D50D7740-9A65-4781-BAE4-841DB4550383}.Release|x86.ActiveCfg = Release|Win32
		{D50D7740-9A65-4781-BAE4-841DB4550383}.Release|x86.Build.0 = Release|Win32
		{D9AD5F2C-8935-4565-B52C-40B08A3EF2A3}.Debug|x64.ActiveCfg = Debug|x64
		{D9AD5F2C-8935-4565-B52C-40B08A3EF2A3}.Debug|x64.Build.0 = Debug|x64
		{D9AD5F2C-8935-4565-B52C-40B08A3EF2A3}.Debug|x86.ActiveCfg = Debug|Win32
		{D9AD5F2C-8935-4565-B52C-40B08A3EF2A3}.Debug|x86.Build.0 = Debug|Win32
		{D9AD5F2C-8935-4565-B52C-40B08A3EF2A3}.Release|x64.ActiveCfg = Release|x64
		{D9AD5F2C-8935-4565-B52C-40B08A3EF2A3}.Release|x64.Build.0 = Release|x64
		{D9AD5F2C-8935-4565-B52C-40B08A3EF2A3}.Release|x86.ActiveCfg = Release|Win32
		{D9AD5F2C-8935-4565-B52C-40B08A3EF2A3}.Release|x86.Build.0 = Release|Win32
		{77EFB71B-C370-400E-977B-3F4F915D900D}.Debug|x64.ActiveCfg = Debug|x64
		{77EFB71B-C370-400E-977B-3F4F915D900D}.Debug|x64.Build.0 = Debug|x64
		{77EFB71B-C370-400E-977B-3F4F915D900D}.Debug|x86.ActiveCfg = Debug|Win32
		{77EFB71B-C370-400E-977B-3F4F915D900D}.Debug|x86.Build.0 = Debug|Win32
		{77EFB71B-C370-400E-977B-3F4F915D900D}.Release|x64.ActiveCfg = Release|x64
		{77EFB71B-C370-400E-977B-3F4F915D900D}.Release|x64.Build.0 = Release|x64
		{77EFB71B-C370-400E-977B-3F4F915D900D}.Release|x86.ActiveCfg = Release|Win32
		{77EFB71B-C370-400E-977B-3F4F915D900D}.Release|x86.Build.0 = Release|Win32
	EndGlobalSection
	GlobalSection(SolutionProperties) = preSolution
		HideSolutionNode = FALSE
	EndGlobalSection
	GlobalSection(ExtensibilityGlobals) = postSolution
		SolutionGuid = {8550D5CD-CA16-4F78-9CB1-A27D3AC1585A}
	EndGlobalSection
EndGlobal
