
Microsoft Visual Studio Solution File, Format Version 12.00
# Visual Studio Version 17
VisualStudioVersion = 17.1.32319.34
MinimumVisualStudioVersion = 10.0.40219.1
Project("{8BC9CEB8-8B4A-11D0-8D11-00A0C91BC942}") = "GreedyAlgorithm", "GreedyAlgorithm\GreedyAlgorithm.vcxproj", "{D9364113-DACD-4263-93D3-1FEDCA3E616C}"
EndProject
Project("{8BC9CEB8-8B4A-11D0-8D11-00A0C91BC942}") = "GreedyAlgorithm_11047_Coin0", "GreedyAlgorithm_11047_Coin0\GreedyAlgorithm_11047_Coin0.vcxproj", "{DDE3734C-2100-434B-8D8F-EA3E33AC6095}"
EndProject
Project("{8BC9CEB8-8B4A-11D0-8D11-00A0C91BC942}") = "GreedyAlgorithm_1931_Meetingroom", "GreedyAlgorithm_1931_Meetingroom\GreedyAlgorithm_1931_Meetingroom.vcxproj", "{CD5CA3DA-653A-4212-A53F-CC661EC80E29}"
EndProject
Project("{8BC9CEB8-8B4A-11D0-8D11-00A0C91BC942}") = "GreedyAlgorithm_11399_ATM", "GreedyAlgorithm_11399_ATM\GreedyAlgorithm_11399_ATM.vcxproj", "{7EA3D35A-5DA4-4E32-8ECB-A661EEC5BABF}"
EndProject
Project("{8BC9CEB8-8B4A-11D0-8D11-00A0C91BC942}") = "GreedyAlgorithm_1541_LostBrackets", "GreedyAlgorithm_1541_LostBrackets\GreedyAlgorithm_1541_LostBrackets.vcxproj", "{56BF14AE-3581-4D04-A4BE-C01401512671}"
EndProject
Project("{8BC9CEB8-8B4A-11D0-8D11-00A0C91BC942}") = "GreedyAlgorithm_13305_GasStation", "GreedyAlgorithm_13305_GasStation\GreedyAlgorithm_13305_GasStation.vcxproj", "{AB624694-B036-4B32-BAE8-0B3BFF30E8E2}"
EndProject
Project("{8BC9CEB8-8B4A-11D0-8D11-00A0C91BC942}") = "GreedyAlgorithm_2138_LightAndSwitch", "GreedyAlgorithm_2138_LightAndSwitch\GreedyAlgorithm_2138_LightAndSwitch.vcxproj", "{67C5F5A1-AD55-42FA-A0A8-A5F999404C7D}"
EndProject
Global
	GlobalSection(SolutionConfigurationPlatforms) = preSolution
		Debug|x64 = Debug|x64
		Debug|x86 = Debug|x86
		Release|x64 = Release|x64
		Release|x86 = Release|x86
	EndGlobalSection
	GlobalSection(ProjectConfigurationPlatforms) = postSolution
		{D9364113-DACD-4263-93D3-1FEDCA3E616C}.Debug|x64.ActiveCfg = Debug|x64
		{D9364113-DACD-4263-93D3-1FEDCA3E616C}.Debug|x64.Build.0 = Debug|x64
		{D9364113-DACD-4263-93D3-1FEDCA3E616C}.Debug|x86.ActiveCfg = Debug|Win32
		{D9364113-DACD-4263-93D3-1FEDCA3E616C}.Debug|x86.Build.0 = Debug|Win32
		{D9364113-DACD-4263-93D3-1FEDCA3E616C}.Release|x64.ActiveCfg = Release|x64
		{D9364113-DACD-4263-93D3-1FEDCA3E616C}.Release|x64.Build.0 = Release|x64
		{D9364113-DACD-4263-93D3-1FEDCA3E616C}.Release|x86.ActiveCfg = Release|Win32
		{D9364113-DACD-4263-93D3-1FEDCA3E616C}.Release|x86.Build.0 = Release|Win32
		{DDE3734C-2100-434B-8D8F-EA3E33AC6095}.Debug|x64.ActiveCfg = Debug|x64
		{DDE3734C-2100-434B-8D8F-EA3E33AC6095}.Debug|x64.Build.0 = Debug|x64
		{DDE3734C-2100-434B-8D8F-EA3E33AC6095}.Debug|x86.ActiveCfg = Debug|Win32
		{DDE3734C-2100-434B-8D8F-EA3E33AC6095}.Debug|x86.Build.0 = Debug|Win32
		{DDE3734C-2100-434B-8D8F-EA3E33AC6095}.Release|x64.ActiveCfg = Release|x64
		{DDE3734C-2100-434B-8D8F-EA3E33AC6095}.Release|x64.Build.0 = Release|x64
		{DDE3734C-2100-434B-8D8F-EA3E33AC6095}.Release|x86.ActiveCfg = Release|Win32
		{DDE3734C-2100-434B-8D8F-EA3E33AC6095}.Release|x86.Build.0 = Release|Win32
		{CD5CA3DA-653A-4212-A53F-CC661EC80E29}.Debug|x64.ActiveCfg = Debug|x64
		{CD5CA3DA-653A-4212-A53F-CC661EC80E29}.Debug|x64.Build.0 = Debug|x64
		{CD5CA3DA-653A-4212-A53F-CC661EC80E29}.Debug|x86.ActiveCfg = Debug|Win32
		{CD5CA3DA-653A-4212-A53F-CC661EC80E29}.Debug|x86.Build.0 = Debug|Win32
		{CD5CA3DA-653A-4212-A53F-CC661EC80E29}.Release|x64.ActiveCfg = Release|x64
		{CD5CA3DA-653A-4212-A53F-CC661EC80E29}.Release|x64.Build.0 = Release|x64
		{CD5CA3DA-653A-4212-A53F-CC661EC80E29}.Release|x86.ActiveCfg = Release|Win32
		{CD5CA3DA-653A-4212-A53F-CC661EC80E29}.Release|x86.Build.0 = Release|Win32
		{7EA3D35A-5DA4-4E32-8ECB-A661EEC5BABF}.Debug|x64.ActiveCfg = Debug|x64
		{7EA3D35A-5DA4-4E32-8ECB-A661EEC5BABF}.Debug|x64.Build.0 = Debug|x64
		{7EA3D35A-5DA4-4E32-8ECB-A661EEC5BABF}.Debug|x86.ActiveCfg = Debug|Win32
		{7EA3D35A-5DA4-4E32-8ECB-A661EEC5BABF}.Debug|x86.Build.0 = Debug|Win32
		{7EA3D35A-5DA4-4E32-8ECB-A661EEC5BABF}.Release|x64.ActiveCfg = Release|x64
		{7EA3D35A-5DA4-4E32-8ECB-A661EEC5BABF}.Release|x64.Build.0 = Release|x64
		{7EA3D35A-5DA4-4E32-8ECB-A661EEC5BABF}.Release|x86.ActiveCfg = Release|Win32
		{7EA3D35A-5DA4-4E32-8ECB-A661EEC5BABF}.Release|x86.Build.0 = Release|Win32
		{56BF14AE-3581-4D04-A4BE-C01401512671}.Debug|x64.ActiveCfg = Debug|x64
		{56BF14AE-3581-4D04-A4BE-C01401512671}.Debug|x64.Build.0 = Debug|x64
		{56BF14AE-3581-4D04-A4BE-C01401512671}.Debug|x86.ActiveCfg = Debug|Win32
		{56BF14AE-3581-4D04-A4BE-C01401512671}.Debug|x86.Build.0 = Debug|Win32
		{56BF14AE-3581-4D04-A4BE-C01401512671}.Release|x64.ActiveCfg = Release|x64
		{56BF14AE-3581-4D04-A4BE-C01401512671}.Release|x64.Build.0 = Release|x64
		{56BF14AE-3581-4D04-A4BE-C01401512671}.Release|x86.ActiveCfg = Release|Win32
		{56BF14AE-3581-4D04-A4BE-C01401512671}.Release|x86.Build.0 = Release|Win32
		{AB624694-B036-4B32-BAE8-0B3BFF30E8E2}.Debug|x64.ActiveCfg = Debug|x64
		{AB624694-B036-4B32-BAE8-0B3BFF30E8E2}.Debug|x64.Build.0 = Debug|x64
		{AB624694-B036-4B32-BAE8-0B3BFF30E8E2}.Debug|x86.ActiveCfg = Debug|Win32
		{AB624694-B036-4B32-BAE8-0B3BFF30E8E2}.Debug|x86.Build.0 = Debug|Win32
		{AB624694-B036-4B32-BAE8-0B3BFF30E8E2}.Release|x64.ActiveCfg = Release|x64
		{AB624694-B036-4B32-BAE8-0B3BFF30E8E2}.Release|x64.Build.0 = Release|x64
		{AB624694-B036-4B32-BAE8-0B3BFF30E8E2}.Release|x86.ActiveCfg = Release|Win32
		{AB624694-B036-4B32-BAE8-0B3BFF30E8E2}.Release|x86.Build.0 = Release|Win32
		{67C5F5A1-AD55-42FA-A0A8-A5F999404C7D}.Debug|x64.ActiveCfg = Debug|x64
		{67C5F5A1-AD55-42FA-A0A8-A5F999404C7D}.Debug|x64.Build.0 = Debug|x64
		{67C5F5A1-AD55-42FA-A0A8-A5F999404C7D}.Debug|x86.ActiveCfg = Debug|Win32
		{67C5F5A1-AD55-42FA-A0A8-A5F999404C7D}.Debug|x86.Build.0 = Debug|Win32
		{67C5F5A1-AD55-42FA-A0A8-A5F999404C7D}.Release|x64.ActiveCfg = Release|x64
		{67C5F5A1-AD55-42FA-A0A8-A5F999404C7D}.Release|x64.Build.0 = Release|x64
		{67C5F5A1-AD55-42FA-A0A8-A5F999404C7D}.Release|x86.ActiveCfg = Release|Win32
		{67C5F5A1-AD55-42FA-A0A8-A5F999404C7D}.Release|x86.Build.0 = Release|Win32
	EndGlobalSection
	GlobalSection(SolutionProperties) = preSolution
		HideSolutionNode = FALSE
	EndGlobalSection
	GlobalSection(ExtensibilityGlobals) = postSolution
		SolutionGuid = {78C2F286-A49B-4A85-9275-5A821F94F47E}
	EndGlobalSection
EndGlobal
