
Microsoft Visual Studio Solution File, Format Version 12.00
# Visual Studio Version 17
VisualStudioVersion = 17.0.32112.339
MinimumVisualStudioVersion = 10.0.40219.1
Project("{8BC9CEB8-8B4A-11D0-8D11-00A0C91BC942}") = "Backtracking_15650_NAndM2", "Backtracking_15650_NAndM2\Backtracking_15650_NAndM2.vcxproj", "{FEA7B98F-96BA-4269-9E1F-5583CACE3F09}"
EndProject
Project("{8BC9CEB8-8B4A-11D0-8D11-00A0C91BC942}") = "Backtracking_15649_NAndM", "Backtracking_15649_NAndM\Backtracking_15649_NAndM.vcxproj", "{AF964223-586C-45CE-8A6C-F18D89325D35}"
EndProject
Global
	GlobalSection(SolutionConfigurationPlatforms) = preSolution
		Debug|x64 = Debug|x64
		Debug|x86 = Debug|x86
		Release|x64 = Release|x64
		Release|x86 = Release|x86
	EndGlobalSection
	GlobalSection(ProjectConfigurationPlatforms) = postSolution
		{FEA7B98F-96BA-4269-9E1F-5583CACE3F09}.Debug|x64.ActiveCfg = Debug|x64
		{FEA7B98F-96BA-4269-9E1F-5583CACE3F09}.Debug|x64.Build.0 = Debug|x64
		{FEA7B98F-96BA-4269-9E1F-5583CACE3F09}.Debug|x86.ActiveCfg = Debug|Win32
		{FEA7B98F-96BA-4269-9E1F-5583CACE3F09}.Debug|x86.Build.0 = Debug|Win32
		{FEA7B98F-96BA-4269-9E1F-5583CACE3F09}.Release|x64.ActiveCfg = Release|x64
		{FEA7B98F-96BA-4269-9E1F-5583CACE3F09}.Release|x64.Build.0 = Release|x64
		{FEA7B98F-96BA-4269-9E1F-5583CACE3F09}.Release|x86.ActiveCfg = Release|Win32
		{FEA7B98F-96BA-4269-9E1F-5583CACE3F09}.Release|x86.Build.0 = Release|Win32
		{AF964223-586C-45CE-8A6C-F18D89325D35}.Debug|x64.ActiveCfg = Debug|x64
		{AF964223-586C-45CE-8A6C-F18D89325D35}.Debug|x64.Build.0 = Debug|x64
		{AF964223-586C-45CE-8A6C-F18D89325D35}.Debug|x86.ActiveCfg = Debug|Win32
		{AF964223-586C-45CE-8A6C-F18D89325D35}.Debug|x86.Build.0 = Debug|Win32
		{AF964223-586C-45CE-8A6C-F18D89325D35}.Release|x64.ActiveCfg = Release|x64
		{AF964223-586C-45CE-8A6C-F18D89325D35}.Release|x64.Build.0 = Release|x64
		{AF964223-586C-45CE-8A6C-F18D89325D35}.Release|x86.ActiveCfg = Release|Win32
		{AF964223-586C-45CE-8A6C-F18D89325D35}.Release|x86.Build.0 = Release|Win32
	EndGlobalSection
	GlobalSection(SolutionProperties) = preSolution
		HideSolutionNode = FALSE
	EndGlobalSection
	GlobalSection(ExtensibilityGlobals) = postSolution
		SolutionGuid = {B5CEF727-0959-405F-BF0C-CBE0A7A0BB06}
	EndGlobalSection
EndGlobal
